
Microsoft Visual Studio Solution File, Format Version 12.00
# Visual Studio Version 17
VisualStudioVersion = 17.2.32519.379
MinimumVisualStudioVersion = 10.0.40219.1
Project("{FAE04EC0-301F-11D3-BF4B-00C04F79EFBC}") = "OODemo", "OODemo\OODemo.csproj", "{086892FF-FD00-4552-811B-3D821BACA63E}"
EndProject
Project("{FAE04EC0-301F-11D3-BF4B-00C04F79EFBC}") = "BetterOODemo", "BetterOODemo\BetterOODemo.csproj", "{6DB0ED79-511D-4220-9628-43BF9AA48DDD}"
EndProject
Global
	GlobalSection(SolutionConfigurationPlatforms) = preSolution
		Debug|Any CPU = Debug|Any CPU
		Release|Any CPU = Release|Any CPU
	EndGlobalSection
	GlobalSection(ProjectConfigurationPlatforms) = postSolution
		{086892FF-FD00-4552-811B-3D821BACA63E}.Debug|Any CPU.ActiveCfg = Debug|Any CPU
		{086892FF-FD00-4552-811B-3D821BACA63E}.Debug|Any CPU.Build.0 = Debug|Any CPU
		{086892FF-FD00-4552-811B-3D821BACA63E}.Release|Any CPU.ActiveCfg = Release|Any CPU
		{086892FF-FD00-4552-811B-3D821BACA63E}.Release|Any CPU.Build.0 = Release|Any CPU
		{6DB0ED79-511D-4220-9628-43BF9AA48DDD}.Debug|Any CPU.ActiveCfg = Debug|Any CPU
		{6DB0ED79-511D-4220-9628-43BF9AA48DDD}.Debug|Any CPU.Build.0 = Debug|Any CPU
		{6DB0ED79-511D-4220-9628-43BF9AA48DDD}.Release|Any CPU.ActiveCfg = Release|Any CPU
		{6DB0ED79-511D-4220-9628-43BF9AA48DDD}.Release|Any CPU.Build.0 = Release|Any CPU
	EndGlobalSection
	GlobalSection(SolutionProperties) = preSolution
		HideSolutionNode = FALSE
	EndGlobalSection
	GlobalSection(ExtensibilityGlobals) = postSolution
		SolutionGuid = {8CD34CED-CC17-4130-B7FC-05D9CC785E33}
	EndGlobalSection
EndGlobal
